
Microsoft Visual Studio Solution File, Format Version 12.00
# Visual Studio Version 16
VisualStudioVersion = 16.0.33027.164
MinimumVisualStudioVersion = 10.0.40219.1
Project("{FAE04EC0-301F-11D3-BF4B-00C04F79EFBC}") = "ChotanagpurWelfareFoundation", "ChotanagpurWelfareFoundation.csproj", "{3CCAB707-021B-48D8-B061-5DE183CB198C}"
EndProject
Global
	GlobalSection(SolutionConfigurationPlatforms) = preSolution
		Debug|Any CPU = Debug|Any CPU
		Release|Any CPU = Release|Any CPU
	EndGlobalSection
	GlobalSection(ProjectConfigurationPlatforms) = postSolution
		{3CCAB707-021B-48D8-B061-5DE183CB198C}.Debug|Any CPU.ActiveCfg = Debug|Any CPU
		{3CCAB707-021B-48D8-B061-5DE183CB198C}.Debug|Any CPU.Build.0 = Debug|Any CPU
		{3CCAB707-021B-48D8-B061-5DE183CB198C}.Release|Any CPU.ActiveCfg = Release|Any CPU
		{3CCAB707-021B-48D8-B061-5DE183CB198C}.Release|Any CPU.Build.0 = Release|Any CPU
	EndGlobalSection
	GlobalSection(SolutionProperties) = preSolution
		HideSolutionNode = FALSE
	EndGlobalSection
	GlobalSection(ExtensibilityGlobals) = postSolution
		SolutionGuid = {C96C9DEA-F235-466B-A1B2-7CB4349C23DF}
	EndGlobalSection
EndGlobal
